// !$*UTF8*$!
{
	archiveVersion = 1;
	classes = {
	};
	objectVersion = 50;
	objects = {

/* Begin PBXBuildFile section */
		1EB1943368006A39B315683C0676722E /* UIImage+.swift in Sources */ = {isa = PBXBuildFile; fileRef = 33CF16383A583EE6F7DB5E168E5BA51A /* UIImage+.swift */; };
		2118C359F7B4E5D71AA9939B52E3D5FC /* AssetsImages.swift in Sources */ = {isa = PBXBuildFile; fileRef = DA6175CDC6CFFF6D5F19634BEDCCC7DD /* AssetsImages.swift */; };
		21841C0412FC4A76C5318C25E1C150D7 /* Colors.swift in Sources */ = {isa = PBXBuildFile; fileRef = 106D33F755D8217C1DE023D34C9966B0 /* Colors.swift */; };
		6EFE9CEE4E1BBC3C2DB21A8B9DB3F68F /* Assets.xcassets in Resources */ = {isa = PBXBuildFile; fileRef = 81A05E32E31D7A68EF16D06F367BDC00 /* Assets.xcassets */; };
		76211D100ECE77EB9B69F10DF34B4BAE /* PermissionViewController.swift in Sources */ = {isa = PBXBuildFile; fileRef = EF06BADE8FE72E86D317A8A659159A03 /* PermissionViewController.swift */; };
		96B890715CF1C6C0694CB9206CCBD484 /* Localizable.strings in Resources */ = {isa = PBXBuildFile; fileRef = B349E517DF00D20F9FAF64EB660D8866 /* Localizable.strings */; };
		97A3323EA59C1850642559ED4D6A7C29 /* IntroViewController.swift in Sources */ = {isa = PBXBuildFile; fileRef = 0F5C0ABC0D8666AF57D94B8A44332732 /* IntroViewController.swift */; };
		97DF1E426F4CC6AC76EE6950750E80AC /* UIColor+.swift in Sources */ = {isa = PBXBuildFile; fileRef = A2EC7B3B06E458FD51D72984A85BBE89 /* UIColor+.swift */; };
		BF20E3912FC196E2968033EB5D957A53 /* Pods_AbsintheUI.framework in Frameworks */ = {isa = PBXBuildFile; fileRef = B05F1C78DE430F31D571293F092CE8DE /* Pods_AbsintheUI.framework */; };
		DE326D162E0CDE3FF148CE3BD5F22430 /* L10n.swift in Sources */ = {isa = PBXBuildFile; fileRef = 8DFF110D2717DA3C3B0A44856772E293 /* L10n.swift */; };
/* End PBXBuildFile section */

/* Begin PBXFileReference section */
		08E73DD07520C7599FA025BA5D56BAFA /* ko */ = {isa = PBXFileReference; lastKnownFileType = text.plist.strings; name = ko; path = ko.lproj/Localizable.strings; sourceTree = "<group>"; };
		0F5C0ABC0D8666AF57D94B8A44332732 /* IntroViewController.swift */ = {isa = PBXFileReference; lastKnownFileType = sourcecode.swift; path = IntroViewController.swift; sourceTree = "<group>"; };
		106D33F755D8217C1DE023D34C9966B0 /* Colors.swift */ = {isa = PBXFileReference; lastKnownFileType = sourcecode.swift; path = Colors.swift; sourceTree = "<group>"; };
		33CF16383A583EE6F7DB5E168E5BA51A /* UIImage+.swift */ = {isa = PBXFileReference; lastKnownFileType = sourcecode.swift; path = "UIImage+.swift"; sourceTree = "<group>"; };
		489564391912A92C88E1DBCF5D496E37 /* AbsintheUI.framework */ = {isa = PBXFileReference; explicitFileType = wrapper.framework; includeInIndex = 0; path = AbsintheUI.framework; sourceTree = BUILT_PRODUCTS_DIR; };
		81A05E32E31D7A68EF16D06F367BDC00 /* Assets.xcassets */ = {isa = PBXFileReference; lastKnownFileType = folder.assetcatalog; path = Assets.xcassets; sourceTree = "<group>"; };
		840A8C0854EC9D9F8569E056CB8B7452 /* en */ = {isa = PBXFileReference; lastKnownFileType = text.plist.strings; name = en; path = en.lproj/Localizable.strings; sourceTree = "<group>"; };
		8DFF110D2717DA3C3B0A44856772E293 /* L10n.swift */ = {isa = PBXFileReference; fileEncoding = 4; lastKnownFileType = sourcecode.swift; path = L10n.swift; sourceTree = "<group>"; };
		9D01F382E04E8BFFA468BF0148303C1C /* Pods-AbsintheUI.release.xcconfig */ = {isa = PBXFileReference; includeInIndex = 1; lastKnownFileType = text.xcconfig; name = "Pods-AbsintheUI.release.xcconfig"; path = "Target Support Files/Pods-AbsintheUI/Pods-AbsintheUI.release.xcconfig"; sourceTree = "<group>"; };
		A2EC7B3B06E458FD51D72984A85BBE89 /* UIColor+.swift */ = {isa = PBXFileReference; lastKnownFileType = sourcecode.swift; path = "UIColor+.swift"; sourceTree = "<group>"; };
		B05F1C78DE430F31D571293F092CE8DE /* Pods_AbsintheUI.framework */ = {isa = PBXFileReference; explicitFileType = wrapper.framework; includeInIndex = 0; path = Pods_AbsintheUI.framework; sourceTree = BUILT_PRODUCTS_DIR; };
		C2AA9BA7A8CB7E8852CCC1E7C12B2C7D /* Pods-AbsintheUI.debug.xcconfig */ = {isa = PBXFileReference; includeInIndex = 1; lastKnownFileType = text.xcconfig; name = "Pods-AbsintheUI.debug.xcconfig"; path = "Target Support Files/Pods-AbsintheUI/Pods-AbsintheUI.debug.xcconfig"; sourceTree = "<group>"; };
		DA6175CDC6CFFF6D5F19634BEDCCC7DD /* AssetsImages.swift */ = {isa = PBXFileReference; fileEncoding = 4; lastKnownFileType = sourcecode.swift; path = AssetsImages.swift; sourceTree = "<group>"; };
		EF06BADE8FE72E86D317A8A659159A03 /* PermissionViewController.swift */ = {isa = PBXFileReference; lastKnownFileType = sourcecode.swift; path = PermissionViewController.swift; sourceTree = "<group>"; };
		F645F6DDC008BC5377944C3F469916F0 /* Info.plist */ = {isa = PBXFileReference; lastKnownFileType = text.plist.xml; path = Info.plist; sourceTree = "<group>"; };
/* End PBXFileReference section */

/* Begin PBXFrameworksBuildPhase section */
		76F5286006C19B8D40353093BD9BB258 /* Frameworks */ = {
			isa = PBXFrameworksBuildPhase;
			buildActionMask = 2147483647;
			files = (
				BF20E3912FC196E2968033EB5D957A53 /* Pods_AbsintheUI.framework in Frameworks */,
			);
			runOnlyForDeploymentPostprocessing = 0;
		};
/* End PBXFrameworksBuildPhase section */

/* Begin PBXGroup section */
		3BB1476CE16AB291049D91DDB7317DE2 /* Frameworks */ = {
			isa = PBXGroup;
			children = (
				B05F1C78DE430F31D571293F092CE8DE /* Pods_AbsintheUI.framework */,
			);
			name = Frameworks;
			sourceTree = "<group>";
		};
		71A947AD161EE96187618EBAD78ED39A /* AbsintheUI */ = {
			isa = PBXGroup;
			children = (
				414A4C8C7B2746E07158A161C042AF74 /* Extension */,
				7BE8ACE73341AD64DEA74995C9D58733 /* Generated */,
				C618FA579B264CB5C123B483656A6971 /* Resources */,
				F645F6DDC008BC5377944C3F469916F0 /* Info.plist */,
				0F5C0ABC0D8666AF57D94B8A44332732 /* IntroViewController.swift */,
				EF06BADE8FE72E86D317A8A659159A03 /* PermissionViewController.swift */,
			);
			path = AbsintheUI;
			sourceTree = "<group>";
		};
		749DF28291A749AD903A11804522517E /* Pods */ = {
			isa = PBXGroup;
			children = (
				C2AA9BA7A8CB7E8852CCC1E7C12B2C7D /* Pods-AbsintheUI.debug.xcconfig */,
				9D01F382E04E8BFFA468BF0148303C1C /* Pods-AbsintheUI.release.xcconfig */,
			);
			name = Pods;
			path = ../Pods;
			sourceTree = "<group>";
		};
		7BE8ACE73341AD64DEA74995C9D58733 /* Generated */ = {
			isa = PBXGroup;
			children = (
				DA6175CDC6CFFF6D5F19634BEDCCC7DD /* AssetsImages.swift */,
				8DFF110D2717DA3C3B0A44856772E293 /* L10n.swift */,
			);
			path = Generated;
			sourceTree = "<group>";
		};
		9CFCC8F96A66EFFF238471E652EE5028 = {
			isa = PBXGroup;
			children = (
				71A947AD161EE96187618EBAD78ED39A /* AbsintheUI */,
				3BB1476CE16AB291049D91DDB7317DE2 /* Frameworks */,
				749DF28291A749AD903A11804522517E /* Pods */,
				9D2C36FB4810A8E3F479A349FE65489D /* Products */,
			);
			sourceTree = "<group>";
		};
		9D2C36FB4810A8E3F479A349FE65489D /* Products */ = {
			isa = PBXGroup;
			children = (
				489564391912A92C88E1DBCF5D496E37 /* AbsintheUI.framework */,
			);
			name = Products;
			sourceTree = "<group>";
		};
		C618FA579B264CB5C123B483656A6971 /* Resources */ = {
			isa = PBXGroup;
			children = (
				81A05E32E31D7A68EF16D06F367BDC00 /* Assets.xcassets */,
				106D33F755D8217C1DE023D34C9966B0 /* Colors.swift */,
				B349E517DF00D20F9FAF64EB660D8866 /* Localizable.strings */,
			);
			path = Resources;
			sourceTree = "<group>";
		};
		414A4C8C7B2746E07158A161C042AF74 /* Extension */ = {
			isa = PBXGroup;
			children = (
				A2EC7B3B06E458FD51D72984A85BBE89 /* UIColor+.swift */,
				33CF16383A583EE6F7DB5E168E5BA51A /* UIImage+.swift */,
			);
			path = Extension;
			sourceTree = "<group>";
		};
/* End PBXGroup section */

/* Begin PBXHeadersBuildPhase section */
		16D1662F54803DA712ADC27661A9B1FA /* Headers */ = {
			isa = PBXHeadersBuildPhase;
			buildActionMask = 2147483647;
			files = (
			);
			runOnlyForDeploymentPostprocessing = 0;
		};
/* End PBXHeadersBuildPhase section */

/* Begin PBXNativeTarget section */
		3D738E92D7884ACF40A78D3DC1DC33F6 /* AbsintheUI */ = {
			isa = PBXNativeTarget;
			buildConfigurationList = F138DF8B402E1FAB60ED84507471A934 /* Build configuration list for PBXNativeTarget "AbsintheUI" */;
			buildPhases = (
				B8E12CA1C73D9BF9A1159B961C28EA6E /* [CP] Check Pods Manifest.lock */,
				16D1662F54803DA712ADC27661A9B1FA /* Headers */,
				7A95EE34A002AC177E303E111F76B3DA /* Sources */,
				76F5286006C19B8D40353093BD9BB258 /* Frameworks */,
				F4B6BAD46602F4A87E81E9E1BD95FA3C /* Resources */,
			);
			buildRules = (
			);
			dependencies = (
			);
			name = AbsintheUI;
			productName = AbsintheUI;
			productReference = 489564391912A92C88E1DBCF5D496E37 /* AbsintheUI.framework */;
			productType = "com.apple.product-type.framework";
		};
/* End PBXNativeTarget section */

/* Begin PBXProject section */
		DEA6637A74CE97971D34165702F9C6B7 /* Project object */ = {
			isa = PBXProject;
			attributes = {
				LastUpgradeCheck = 1120;
				ORGANIZATIONNAME = gonisoft;
				TargetAttributes = {
					3D738E92D7884ACF40A78D3DC1DC33F6 = {
						CreatedOnToolsVersion = 11.2.1;
						LastSwiftMigration = 1120;
					};
				};
			};
			buildConfigurationList = 5151DFBA9D00A3A4AEFD88E0441BA5D1 /* Build configuration list for PBXProject "AbsintheUI" */;
			compatibilityVersion = "Xcode 9.3";
			developmentRegion = en;
			hasScannedForEncodings = 0;
			knownRegions = (
				en,
				Base,
				ko,
			);
			mainGroup = 9CFCC8F96A66EFFF238471E652EE5028;
			productRefGroup = 9D2C36FB4810A8E3F479A349FE65489D /* Products */;
			projectDirPath = "";
			projectRoot = "";
			targets = (
				3D738E92D7884ACF40A78D3DC1DC33F6 /* AbsintheUI */,
			);
		};
/* End PBXProject section */

/* Begin PBXResourcesBuildPhase section */
		F4B6BAD46602F4A87E81E9E1BD95FA3C /* Resources */ = {
			isa = PBXResourcesBuildPhase;
			buildActionMask = 2147483647;
			files = (
				6EFE9CEE4E1BBC3C2DB21A8B9DB3F68F /* Assets.xcassets in Resources */,
				96B890715CF1C6C0694CB9206CCBD484 /* Localizable.strings in Resources */,
			);
			runOnlyForDeploymentPostprocessing = 0;
		};
/* End PBXResourcesBuildPhase section */

/* Begin PBXShellScriptBuildPhase section */
		B8E12CA1C73D9BF9A1159B961C28EA6E /* [CP] Check Pods Manifest.lock */ = {
			isa = PBXShellScriptBuildPhase;
			buildActionMask = 2147483647;
			files = (
			);
			inputFileListPaths = (
			);
			inputPaths = (
				"${PODS_PODFILE_DIR_PATH}/Podfile.lock",
				"${PODS_ROOT}/Manifest.lock",
			);
			name = "[CP] Check Pods Manifest.lock";
			outputFileListPaths = (
			);
			outputPaths = (
				"$(DERIVED_FILE_DIR)/Pods-AbsintheUI-checkManifestLockResult.txt",
			);
			runOnlyForDeploymentPostprocessing = 0;
			shellPath = /bin/sh;
			shellScript = "diff \"${PODS_PODFILE_DIR_PATH}/Podfile.lock\" \"${PODS_ROOT}/Manifest.lock\" > /dev/null\nif [ $? != 0 ] ; then\n    # print error to STDERR\n    echo \"error: The sandbox is not in sync with the Podfile.lock. Run 'pod install' or update your CocoaPods installation.\" >&2\n    exit 1\nfi\n# This output is used by Xcode 'outputs' to avoid re-running this script phase.\necho \"SUCCESS\" > \"${SCRIPT_OUTPUT_FILE_0}\"\n";
			showEnvVarsInLog = 0;
		};
/* End PBXShellScriptBuildPhase section */

/* Begin PBXSourcesBuildPhase section */
		7A95EE34A002AC177E303E111F76B3DA /* Sources */ = {
			isa = PBXSourcesBuildPhase;
			buildActionMask = 2147483647;
			files = (
				2118C359F7B4E5D71AA9939B52E3D5FC /* AssetsImages.swift in Sources */,
				21841C0412FC4A76C5318C25E1C150D7 /* Colors.swift in Sources */,
				97A3323EA59C1850642559ED4D6A7C29 /* IntroViewController.swift in Sources */,
				DE326D162E0CDE3FF148CE3BD5F22430 /* L10n.swift in Sources */,
				76211D100ECE77EB9B69F10DF34B4BAE /* PermissionViewController.swift in Sources */,
				97DF1E426F4CC6AC76EE6950750E80AC /* UIColor+.swift in Sources */,
				1EB1943368006A39B315683C0676722E /* UIImage+.swift in Sources */,
			);
			runOnlyForDeploymentPostprocessing = 0;
		};
/* End PBXSourcesBuildPhase section */

/* Begin PBXVariantGroup section */
		B349E517DF00D20F9FAF64EB660D8866 /* Localizable.strings */ = {
			isa = PBXVariantGroup;
			children = (
				840A8C0854EC9D9F8569E056CB8B7452 /* en */,
				08E73DD07520C7599FA025BA5D56BAFA /* ko */,
			);
			name = Localizable.strings;
			sourceTree = "<group>";
		};
/* End PBXVariantGroup section */

/* Begin XCBuildConfiguration section */
		0BB72E93EBC509769ED40B7A6125260B /* Debug */ = {
			isa = XCBuildConfiguration;
			baseConfigurationReference = C2AA9BA7A8CB7E8852CCC1E7C12B2C7D /* Pods-AbsintheUI.debug.xcconfig */;
			buildSettings = {
				CLANG_ENABLE_MODULES = YES;
				CODE_SIGN_STYLE = Automatic;
				DEFINES_MODULE = YES;
				DEVELOPMENT_TEAM = 5ELQH5H3HB;
				DYLIB_COMPATIBILITY_VERSION = 1;
				DYLIB_CURRENT_VERSION = 1;
				DYLIB_INSTALL_NAME_BASE = "@rpath";
				INFOPLIST_FILE = AbsintheUI/Info.plist;
				INSTALL_PATH = "$(LOCAL_LIBRARY_DIR)/Frameworks";
				LD_RUNPATH_SEARCH_PATHS = (
					"$(inherited)",
					"@executable_path/Frameworks",
					"@loader_path/Frameworks",
				);
				PRODUCT_BUNDLE_IDENTIFIER = com.gonisoft.AbsintheUI;
				PRODUCT_NAME = "$(TARGET_NAME:c99extidentifier)";
				SKIP_INSTALL = YES;
				SWIFT_OPTIMIZATION_LEVEL = "-Onone";
				SWIFT_VERSION = 5.0;
				TARGETED_DEVICE_FAMILY = "1,2";
			};
			name = Debug;
		};
		2D3BB06B20971B00DFEE69A299018EF8 /* Release */ = {
			isa = XCBuildConfiguration;
			buildSettings = {
				ALWAYS_SEARCH_USER_PATHS = NO;
				CLANG_ANALYZER_NONNULL = YES;
				CLANG_ANALYZER_NUMBER_OBJECT_CONVERSION = YES_AGGRESSIVE;
				CLANG_CXX_LANGUAGE_STANDARD = "gnu++14";
				CLANG_CXX_LIBRARY = "libc++";
				CLANG_ENABLE_MODULES = YES;
				CLANG_ENABLE_OBJC_ARC = YES;
				CLANG_ENABLE_OBJC_WEAK = YES;
				CLANG_WARN_BLOCK_CAPTURE_AUTORELEASING = YES;
				CLANG_WARN_BOOL_CONVERSION = YES;
				CLANG_WARN_COMMA = YES;
				CLANG_WARN_CONSTANT_CONVERSION = YES;
				CLANG_WARN_DEPRECATED_OBJC_IMPLEMENTATIONS = YES;
				CLANG_WARN_DIRECT_OBJC_ISA_USAGE = YES_ERROR;
				CLANG_WARN_DOCUMENTATION_COMMENTS = YES;
				CLANG_WARN_EMPTY_BODY = YES;
				CLANG_WARN_ENUM_CONVERSION = YES;
				CLANG_WARN_INFINITE_RECURSION = YES;
				CLANG_WARN_INT_CONVERSION = YES;
				CLANG_WARN_NON_LITERAL_NULL_CONVERSION = YES;
				CLANG_WARN_OBJC_IMPLICIT_RETAIN_SELF = YES;
				CLANG_WARN_OBJC_LITERAL_CONVERSION = YES;
				CLANG_WARN_OBJC_ROOT_CLASS = YES_ERROR;
				CLANG_WARN_RANGE_LOOP_ANALYSIS = YES;
				CLANG_WARN_STRICT_PROTOTYPES = YES;
				CLANG_WARN_SUSPICIOUS_MOVE = YES;
				CLANG_WARN_UNGUARDED_AVAILABILITY = YES_AGGRESSIVE;
				CLANG_WARN_UNREACHABLE_CODE = YES;
				CLANG_WARN__DUPLICATE_METHOD_MATCH = YES;
				COPY_PHASE_STRIP = NO;
				CURRENT_PROJECT_VERSION = 1;
				DEBUG_INFORMATION_FORMAT = "dwarf-with-dsym";
				ENABLE_NS_ASSERTIONS = NO;
				ENABLE_STRICT_OBJC_MSGSEND = YES;
				GCC_C_LANGUAGE_STANDARD = gnu11;
				GCC_NO_COMMON_BLOCKS = YES;
				GCC_WARN_64_TO_32_BIT_CONVERSION = YES;
				GCC_WARN_ABOUT_RETURN_TYPE = YES_ERROR;
				GCC_WARN_UNDECLARED_SELECTOR = YES;
				GCC_WARN_UNINITIALIZED_AUTOS = YES_AGGRESSIVE;
				GCC_WARN_UNUSED_FUNCTION = YES;
				GCC_WARN_UNUSED_VARIABLE = YES;
				IPHONEOS_DEPLOYMENT_TARGET = 13.2;
				MTL_ENABLE_DEBUG_INFO = NO;
				MTL_FAST_MATH = YES;
				SDKROOT = iphoneos;
				SWIFT_COMPILATION_MODE = wholemodule;
				SWIFT_OPTIMIZATION_LEVEL = "-O";
				VALIDATE_PRODUCT = YES;
				VERSIONING_SYSTEM = "apple-generic";
				VERSION_INFO_PREFIX = "";
			};
			name = Release;
		};
		62BEBB6B085B85D5ECA54B04B7460915 /* Release */ = {
			isa = XCBuildConfiguration;
			baseConfigurationReference = 9D01F382E04E8BFFA468BF0148303C1C /* Pods-AbsintheUI.release.xcconfig */;
			buildSettings = {
				CLANG_ENABLE_MODULES = YES;
				CODE_SIGN_STYLE = Automatic;
				DEFINES_MODULE = YES;
				DEVELOPMENT_TEAM = 5ELQH5H3HB;
				DYLIB_COMPATIBILITY_VERSION = 1;
				DYLIB_CURRENT_VERSION = 1;
				DYLIB_INSTALL_NAME_BASE = "@rpath";
				INFOPLIST_FILE = AbsintheUI/Info.plist;
				INSTALL_PATH = "$(LOCAL_LIBRARY_DIR)/Frameworks";
				LD_RUNPATH_SEARCH_PATHS = (
					"$(inherited)",
					"@executable_path/Frameworks",
					"@loader_path/Frameworks",
				);
				PRODUCT_BUNDLE_IDENTIFIER = com.gonisoft.AbsintheUI;
				PRODUCT_NAME = "$(TARGET_NAME:c99extidentifier)";
				SKIP_INSTALL = YES;
				SWIFT_VERSION = 5.0;
				TARGETED_DEVICE_FAMILY = "1,2";
			};
			name = Release;
		};
		65E58CA68640CDDD915EFB1FD75A023D /* Debug */ = {
			isa = XCBuildConfiguration;
			buildSettings = {
				ALWAYS_SEARCH_USER_PATHS = NO;
				CLANG_ANALYZER_NONNULL = YES;
				CLANG_ANALYZER_NUMBER_OBJECT_CONVERSION = YES_AGGRESSIVE;
				CLANG_CXX_LANGUAGE_STANDARD = "gnu++14";
				CLANG_CXX_LIBRARY = "libc++";
				CLANG_ENABLE_MODULES = YES;
				CLANG_ENABLE_OBJC_ARC = YES;
				CLANG_ENABLE_OBJC_WEAK = YES;
				CLANG_WARN_BLOCK_CAPTURE_AUTORELEASING = YES;
				CLANG_WARN_BOOL_CONVERSION = YES;
				CLANG_WARN_COMMA = YES;
				CLANG_WARN_CONSTANT_CONVERSION = YES;
				CLANG_WARN_DEPRECATED_OBJC_IMPLEMENTATIONS = YES;
				CLANG_WARN_DIRECT_OBJC_ISA_USAGE = YES_ERROR;
				CLANG_WARN_DOCUMENTATION_COMMENTS = YES;
				CLANG_WARN_EMPTY_BODY = YES;
				CLANG_WARN_ENUM_CONVERSION = YES;
				CLANG_WARN_INFINITE_RECURSION = YES;
				CLANG_WARN_INT_CONVERSION = YES;
				CLANG_WARN_NON_LITERAL_NULL_CONVERSION = YES;
				CLANG_WARN_OBJC_IMPLICIT_RETAIN_SELF = YES;
				CLANG_WARN_OBJC_LITERAL_CONVERSION = YES;
				CLANG_WARN_OBJC_ROOT_CLASS = YES_ERROR;
				CLANG_WARN_RANGE_LOOP_ANALYSIS = YES;
				CLANG_WARN_STRICT_PROTOTYPES = YES;
				CLANG_WARN_SUSPICIOUS_MOVE = YES;
				CLANG_WARN_UNGUARDED_AVAILABILITY = YES_AGGRESSIVE;
				CLANG_WARN_UNREACHABLE_CODE = YES;
				CLANG_WARN__DUPLICATE_METHOD_MATCH = YES;
				COPY_PHASE_STRIP = NO;
				CURRENT_PROJECT_VERSION = 1;
				DEBUG_INFORMATION_FORMAT = dwarf;
				ENABLE_STRICT_OBJC_MSGSEND = YES;
				ENABLE_TESTABILITY = YES;
				GCC_C_LANGUAGE_STANDARD = gnu11;
				GCC_DYNAMIC_NO_PIC = NO;
				GCC_NO_COMMON_BLOCKS = YES;
				GCC_OPTIMIZATION_LEVEL = 0;
				GCC_PREPROCESSOR_DEFINITIONS = (
					"DEBUG=1",
					"$(inherited)",
				);
				GCC_WARN_64_TO_32_BIT_CONVERSION = YES;
				GCC_WARN_ABOUT_RETURN_TYPE = YES_ERROR;
				GCC_WARN_UNDECLARED_SELECTOR = YES;
				GCC_WARN_UNINITIALIZED_AUTOS = YES_AGGRESSIVE;
				GCC_WARN_UNUSED_FUNCTION = YES;
				GCC_WARN_UNUSED_VARIABLE = YES;
				IPHONEOS_DEPLOYMENT_TARGET = 13.2;
				MTL_ENABLE_DEBUG_INFO = INCLUDE_SOURCE;
				MTL_FAST_MATH = YES;
				ONLY_ACTIVE_ARCH = YES;
				SDKROOT = iphoneos;
				SWIFT_ACTIVE_COMPILATION_CONDITIONS = DEBUG;
				SWIFT_OPTIMIZATION_LEVEL = "-Onone";
				VERSIONING_SYSTEM = "apple-generic";
				VERSION_INFO_PREFIX = "";
			};
			name = Debug;
		};
/* End XCBuildConfiguration section */

/* Begin XCConfigurationList section */
		5151DFBA9D00A3A4AEFD88E0441BA5D1 /* Build configuration list for PBXProject "AbsintheUI" */ = {
			isa = XCConfigurationList;
			buildConfigurations = (
				65E58CA68640CDDD915EFB1FD75A023D /* Debug */,
				2D3BB06B20971B00DFEE69A299018EF8 /* Release */,
			);
			defaultConfigurationIsVisible = 0;
			defaultConfigurationName = Release;
		};
		F138DF8B402E1FAB60ED84507471A934 /* Build configuration list for PBXNativeTarget "AbsintheUI" */ = {
			isa = XCConfigurationList;
			buildConfigurations = (
				0BB72E93EBC509769ED40B7A6125260B /* Debug */,
				62BEBB6B085B85D5ECA54B04B7460915 /* Release */,
			);
			defaultConfigurationIsVisible = 0;
			defaultConfigurationName = Release;
		};
/* End XCConfigurationList section */
	};
	rootObject = DEA6637A74CE97971D34165702F9C6B7 /* Project object */;
}
