// !$*UTF8*$!
{
	archiveVersion = 1;
	classes = {
	};
	objectVersion = 51;
	objects = {

/* Begin PBXBuildFile section */
		304DFDAB11588943050F33C943A60C16 /* Presenter.swift in Sources */ = {isa = PBXBuildFile; fileRef = 2689B0AB1AB2884CDB6F71264706FBC2 /* Presenter.swift */; };
		55B93A6AB1A9B65807EAD7F52138C671 /* ContainerSetUp.swift in Sources */ = {isa = PBXBuildFile; fileRef = C172372356F31B60A9F218710853D262 /* ContainerSetUp.swift */; };
		691097229BD06580541E2C4C45139C6C /* ViewModel.framework in Frameworks */ = {isa = PBXBuildFile; fileRef = A005250E156C2BB269AB10005BCD4F63 /* ViewModel.framework */; };
		6FD1D1AFA7B7E24DBD52AF306F734131 /* AbsintheUI.framework in Embed Frameworks */ = {isa = PBXBuildFile; fileRef = EDEF70DE65E9014C3AD1028FEA9E3D35 /* AbsintheUI.framework */; settings = {ATTRIBUTES = (CodeSignOnCopy, RemoveHeadersOnCopy, ); }; };
		7915CFE32F60BED360645E150A414EC0 /* Pods_Absinthe.framework in Frameworks */ = {isa = PBXBuildFile; fileRef = B7DAA7D856DA60EA1826336390B3D794 /* Pods_Absinthe.framework */; };
		AF65EF4FD70BB38EB47519D6A12E2CDE /* ViewModel.framework in Embed Frameworks */ = {isa = PBXBuildFile; fileRef = A005250E156C2BB269AB10005BCD4F63 /* ViewModel.framework */; settings = {ATTRIBUTES = (CodeSignOnCopy, RemoveHeadersOnCopy, ); }; };
		B0592CA376E5AEA62FC8D1E7A44FFE4F /* Service.framework in Embed Frameworks */ = {isa = PBXBuildFile; fileRef = BC0B6E81C24B257473996169D3666B23 /* Service.framework */; settings = {ATTRIBUTES = (CodeSignOnCopy, RemoveHeadersOnCopy, ); }; };
		C3C42E81EDE98ADD5FAB50C030739EED /* AbsintheUI.framework in Frameworks */ = {isa = PBXBuildFile; fileRef = EDEF70DE65E9014C3AD1028FEA9E3D35 /* AbsintheUI.framework */; };
		CB4A99E53437F0583CBA994DC86761FB /* Assets.xcassets in Resources */ = {isa = PBXBuildFile; fileRef = C05FBFB2F0E22EAEBC5B98099D5F485E /* Assets.xcassets */; };
		DD8288EAAFFE1103849611C99A0AE32C /* AppDelegate.swift in Sources */ = {isa = PBXBuildFile; fileRef = E7E1AC6A5196ECAB6164CB942671ECCD /* AppDelegate.swift */; };
		F304A102A17FE873FCD71E1E0422748D /* Service.framework in Frameworks */ = {isa = PBXBuildFile; fileRef = BC0B6E81C24B257473996169D3666B23 /* Service.framework */; };
/* End PBXBuildFile section */

/* Begin PBXCopyFilesBuildPhase section */
		E775594C22C86F6BF04C3BCE4AACBEDD /* Embed Frameworks */ = {
			isa = PBXCopyFilesBuildPhase;
			buildActionMask = 2147483647;
			dstPath = "";
			dstSubfolderSpec = 10;
			files = (
				6FD1D1AFA7B7E24DBD52AF306F734131 /* AbsintheUI.framework in Embed Frameworks */,
				B0592CA376E5AEA62FC8D1E7A44FFE4F /* Service.framework in Embed Frameworks */,
				AF65EF4FD70BB38EB47519D6A12E2CDE /* ViewModel.framework in Embed Frameworks */,
			);
			name = "Embed Frameworks";
			runOnlyForDeploymentPostprocessing = 0;
		};
/* End PBXCopyFilesBuildPhase section */

/* Begin PBXFileReference section */
		24BE0244A3DF638CC379F8B7606608EB /* Safe Picture.app */ = {isa = PBXFileReference; explicitFileType = wrapper.application; includeInIndex = 0; path = "Safe Picture.app"; sourceTree = BUILT_PRODUCTS_DIR; };
		2689B0AB1AB2884CDB6F71264706FBC2 /* Presenter.swift */ = {isa = PBXFileReference; lastKnownFileType = sourcecode.swift; path = Presenter.swift; sourceTree = "<group>"; };
		92664885186869CC243FFE25B22A3EC7 /* Info.plist */ = {isa = PBXFileReference; lastKnownFileType = text.plist.xml; path = Info.plist; sourceTree = "<group>"; };
		A005250E156C2BB269AB10005BCD4F63 /* ViewModel.framework */ = {isa = PBXFileReference; explicitFileType = wrapper.framework; path = ViewModel.framework; sourceTree = BUILT_PRODUCTS_DIR; };
		B7DAA7D856DA60EA1826336390B3D794 /* Pods_Absinthe.framework */ = {isa = PBXFileReference; explicitFileType = wrapper.framework; includeInIndex = 0; path = Pods_Absinthe.framework; sourceTree = BUILT_PRODUCTS_DIR; };
		BC0B6E81C24B257473996169D3666B23 /* Service.framework */ = {isa = PBXFileReference; explicitFileType = wrapper.framework; path = Service.framework; sourceTree = BUILT_PRODUCTS_DIR; };
		C05FBFB2F0E22EAEBC5B98099D5F485E /* Assets.xcassets */ = {isa = PBXFileReference; lastKnownFileType = folder.assetcatalog; path = Assets.xcassets; sourceTree = "<group>"; };
		C172372356F31B60A9F218710853D262 /* ContainerSetUp.swift */ = {isa = PBXFileReference; lastKnownFileType = sourcecode.swift; path = ContainerSetUp.swift; sourceTree = "<group>"; };
		C18DCE9D39626A293046F90C4671F2DF /* Pods-Absinthe.release.xcconfig */ = {isa = PBXFileReference; includeInIndex = 1; lastKnownFileType = text.xcconfig; name = "Pods-Absinthe.release.xcconfig"; path = "Target Support Files/Pods-Absinthe/Pods-Absinthe.release.xcconfig"; sourceTree = "<group>"; };
		E7E1AC6A5196ECAB6164CB942671ECCD /* AppDelegate.swift */ = {isa = PBXFileReference; lastKnownFileType = sourcecode.swift; path = AppDelegate.swift; sourceTree = "<group>"; };
		EDEF70DE65E9014C3AD1028FEA9E3D35 /* AbsintheUI.framework */ = {isa = PBXFileReference; explicitFileType = wrapper.framework; path = AbsintheUI.framework; sourceTree = BUILT_PRODUCTS_DIR; };
		F34DD3AE0C69AEB796317585DD2A519A /* Pods-Absinthe.debug.xcconfig */ = {isa = PBXFileReference; includeInIndex = 1; lastKnownFileType = text.xcconfig; name = "Pods-Absinthe.debug.xcconfig"; path = "Target Support Files/Pods-Absinthe/Pods-Absinthe.debug.xcconfig"; sourceTree = "<group>"; };
/* End PBXFileReference section */

/* Begin PBXFrameworksBuildPhase section */
		AC7A02DE187FC83D9C667E5C6CE784EF /* Frameworks */ = {
			isa = PBXFrameworksBuildPhase;
			buildActionMask = 2147483647;
			files = (
				C3C42E81EDE98ADD5FAB50C030739EED /* AbsintheUI.framework in Frameworks */,
				7915CFE32F60BED360645E150A414EC0 /* Pods_Absinthe.framework in Frameworks */,
				F304A102A17FE873FCD71E1E0422748D /* Service.framework in Frameworks */,
				691097229BD06580541E2C4C45139C6C /* ViewModel.framework in Frameworks */,
			);
			runOnlyForDeploymentPostprocessing = 0;
		};
/* End PBXFrameworksBuildPhase section */

/* Begin PBXGroup section */
		3BDD42BF0C4849D9FE0F581154D01ADE /* Frameworks */ = {
			isa = PBXGroup;
			children = (
				EDEF70DE65E9014C3AD1028FEA9E3D35 /* AbsintheUI.framework */,
				B7DAA7D856DA60EA1826336390B3D794 /* Pods_Absinthe.framework */,
				BC0B6E81C24B257473996169D3666B23 /* Service.framework */,
				A005250E156C2BB269AB10005BCD4F63 /* ViewModel.framework */,
			);
			name = Frameworks;
			sourceTree = "<group>";
		};
		427A102ED22D635C5E0B3C22C7B12029 /* Absinthe */ = {
			isa = PBXGroup;
			children = (
				E7E1AC6A5196ECAB6164CB942671ECCD /* AppDelegate.swift */,
				C05FBFB2F0E22EAEBC5B98099D5F485E /* Assets.xcassets */,
				C172372356F31B60A9F218710853D262 /* ContainerSetUp.swift */,
				92664885186869CC243FFE25B22A3EC7 /* Info.plist */,
				2689B0AB1AB2884CDB6F71264706FBC2 /* Presenter.swift */,
			);
			path = Absinthe;
			sourceTree = "<group>";
		};
		82501F09324CA14347614FD7AFFE155E /* Products */ = {
			isa = PBXGroup;
			children = (
				24BE0244A3DF638CC379F8B7606608EB /* Safe Picture.app */,
			);
			name = Products;
			sourceTree = "<group>";
		};
		E05015B24413FA806B1D1CCABA6936CB = {
			isa = PBXGroup;
			children = (
				427A102ED22D635C5E0B3C22C7B12029 /* Absinthe */,
				3BDD42BF0C4849D9FE0F581154D01ADE /* Frameworks */,
				E4F51463DED676F968A6951339FA4572 /* Pods */,
				82501F09324CA14347614FD7AFFE155E /* Products */,
			);
			sourceTree = "<group>";
		};
		E4F51463DED676F968A6951339FA4572 /* Pods */ = {
			isa = PBXGroup;
			children = (
				F34DD3AE0C69AEB796317585DD2A519A /* Pods-Absinthe.debug.xcconfig */,
				C18DCE9D39626A293046F90C4671F2DF /* Pods-Absinthe.release.xcconfig */,
			);
			path = Pods;
			sourceTree = "<group>";
		};
/* End PBXGroup section */

/* Begin PBXNativeTarget section */
		711679CCEE13D9FFDC4476950B2F9B0A /* Absinthe */ = {
			isa = PBXNativeTarget;
			buildConfigurationList = 51B847AAD34DDFC8272A2020EB13090C /* Build configuration list for PBXNativeTarget "Absinthe" */;
			buildPhases = (
				DB0928C7E933BCACCE14E291A87A681C /* [CP] Check Pods Manifest.lock */,
				4477EE3C59423984900F71B1E3FE066D /* Sources */,
				AC7A02DE187FC83D9C667E5C6CE784EF /* Frameworks */,
				86A1FFB08F8BEE23FA195C905A21A909 /* Resources */,
				3218ECFEBF13F2BCCC15174EFCCBA047 /* [CP] Embed Pods Frameworks */,
				E775594C22C86F6BF04C3BCE4AACBEDD /* Embed Frameworks */,
			);
			buildRules = (
			);
			dependencies = (
			);
			name = Absinthe;
			productName = Absinthe;
			productReference = 24BE0244A3DF638CC379F8B7606608EB /* Safe Picture.app */;
			productType = "com.apple.product-type.application";
		};
/* End PBXNativeTarget section */

/* Begin PBXProject section */
		2FC002717891B12DBE684CDA0DEEC89D /* Project object */ = {
			isa = PBXProject;
			attributes = {
				LastSwiftUpdateCheck = 1120;
				LastUpgradeCheck = 1120;
				ORGANIZATIONNAME = gonisoft;
				TargetAttributes = {
					711679CCEE13D9FFDC4476950B2F9B0A = {
						CreatedOnToolsVersion = 11.2.1;
					};
				};
			};
			buildConfigurationList = 3B9D54732FE4A240D2A12606561B8061 /* Build configuration list for PBXProject "Absinthe" */;
			compatibilityVersion = "Xcode 9.3";
			developmentRegion = en;
			hasScannedForEncodings = 0;
			knownRegions = (
				en,
				Base,
				ko,
			);
			mainGroup = E05015B24413FA806B1D1CCABA6936CB;
			productRefGroup = 82501F09324CA14347614FD7AFFE155E /* Products */;
			projectDirPath = "";
			projectRoot = "";
			targets = (
				711679CCEE13D9FFDC4476950B2F9B0A /* Absinthe */,
			);
		};
/* End PBXProject section */

/* Begin PBXResourcesBuildPhase section */
		86A1FFB08F8BEE23FA195C905A21A909 /* Resources */ = {
			isa = PBXResourcesBuildPhase;
			buildActionMask = 2147483647;
			files = (
				CB4A99E53437F0583CBA994DC86761FB /* Assets.xcassets in Resources */,
			);
			runOnlyForDeploymentPostprocessing = 0;
		};
/* End PBXResourcesBuildPhase section */

/* Begin PBXShellScriptBuildPhase section */
		3218ECFEBF13F2BCCC15174EFCCBA047 /* [CP] Embed Pods Frameworks */ = {
			isa = PBXShellScriptBuildPhase;
			buildActionMask = 2147483647;
			files = (
			);
			inputFileListPaths = (
				"${PODS_ROOT}/Target Support Files/Pods-Absinthe/Pods-Absinthe-frameworks-${CONFIGURATION}-input-files.xcfilelist",
			);
			name = "[CP] Embed Pods Frameworks";
			outputFileListPaths = (
				"${PODS_ROOT}/Target Support Files/Pods-Absinthe/Pods-Absinthe-frameworks-${CONFIGURATION}-output-files.xcfilelist",
			);
			runOnlyForDeploymentPostprocessing = 0;
			shellPath = /bin/sh;
			shellScript = "\"${PODS_ROOT}/Target Support Files/Pods-Absinthe/Pods-Absinthe-frameworks.sh\"\n";
			showEnvVarsInLog = 0;
		};
		DB0928C7E933BCACCE14E291A87A681C /* [CP] Check Pods Manifest.lock */ = {
			isa = PBXShellScriptBuildPhase;
			buildActionMask = 2147483647;
			files = (
			);
			inputFileListPaths = (
			);
			inputPaths = (
				"${PODS_PODFILE_DIR_PATH}/Podfile.lock",
				"${PODS_ROOT}/Manifest.lock",
			);
			name = "[CP] Check Pods Manifest.lock";
			outputFileListPaths = (
			);
			outputPaths = (
				"$(DERIVED_FILE_DIR)/Pods-Absinthe-checkManifestLockResult.txt",
			);
			runOnlyForDeploymentPostprocessing = 0;
			shellPath = /bin/sh;
			shellScript = "diff \"${PODS_PODFILE_DIR_PATH}/Podfile.lock\" \"${PODS_ROOT}/Manifest.lock\" > /dev/null\nif [ $? != 0 ] ; then\n    # print error to STDERR\n    echo \"error: The sandbox is not in sync with the Podfile.lock. Run 'pod install' or update your CocoaPods installation.\" >&2\n    exit 1\nfi\n# This output is used by Xcode 'outputs' to avoid re-running this script phase.\necho \"SUCCESS\" > \"${SCRIPT_OUTPUT_FILE_0}\"\n";
			showEnvVarsInLog = 0;
		};
/* End PBXShellScriptBuildPhase section */

/* Begin PBXSourcesBuildPhase section */
		4477EE3C59423984900F71B1E3FE066D /* Sources */ = {
			isa = PBXSourcesBuildPhase;
			buildActionMask = 2147483647;
			files = (
				DD8288EAAFFE1103849611C99A0AE32C /* AppDelegate.swift in Sources */,
				55B93A6AB1A9B65807EAD7F52138C671 /* ContainerSetUp.swift in Sources */,
				304DFDAB11588943050F33C943A60C16 /* Presenter.swift in Sources */,
			);
			runOnlyForDeploymentPostprocessing = 0;
		};
/* End PBXSourcesBuildPhase section */

/* Begin XCBuildConfiguration section */
		1996A196282AF375EBA288E17D497DA6 /* Release */ = {
			isa = XCBuildConfiguration;
			buildSettings = {
				ALWAYS_SEARCH_USER_PATHS = NO;
				CLANG_ANALYZER_NONNULL = YES;
				CLANG_ANALYZER_NUMBER_OBJECT_CONVERSION = YES_AGGRESSIVE;
				CLANG_CXX_LANGUAGE_STANDARD = "gnu++14";
				CLANG_CXX_LIBRARY = "libc++";
				CLANG_ENABLE_MODULES = YES;
				CLANG_ENABLE_OBJC_ARC = YES;
				CLANG_ENABLE_OBJC_WEAK = YES;
				CLANG_WARN_BLOCK_CAPTURE_AUTORELEASING = YES;
				CLANG_WARN_BOOL_CONVERSION = YES;
				CLANG_WARN_COMMA = YES;
				CLANG_WARN_CONSTANT_CONVERSION = YES;
				CLANG_WARN_DEPRECATED_OBJC_IMPLEMENTATIONS = YES;
				CLANG_WARN_DIRECT_OBJC_ISA_USAGE = YES_ERROR;
				CLANG_WARN_DOCUMENTATION_COMMENTS = YES;
				CLANG_WARN_EMPTY_BODY = YES;
				CLANG_WARN_ENUM_CONVERSION = YES;
				CLANG_WARN_INFINITE_RECURSION = YES;
				CLANG_WARN_INT_CONVERSION = YES;
				CLANG_WARN_NON_LITERAL_NULL_CONVERSION = YES;
				CLANG_WARN_OBJC_IMPLICIT_RETAIN_SELF = YES;
				CLANG_WARN_OBJC_LITERAL_CONVERSION = YES;
				CLANG_WARN_OBJC_ROOT_CLASS = YES_ERROR;
				CLANG_WARN_RANGE_LOOP_ANALYSIS = YES;
				CLANG_WARN_STRICT_PROTOTYPES = YES;
				CLANG_WARN_SUSPICIOUS_MOVE = YES;
				CLANG_WARN_UNGUARDED_AVAILABILITY = YES_AGGRESSIVE;
				CLANG_WARN_UNREACHABLE_CODE = YES;
				CLANG_WARN__DUPLICATE_METHOD_MATCH = YES;
				COPY_PHASE_STRIP = NO;
				DEBUG_INFORMATION_FORMAT = "dwarf-with-dsym";
				ENABLE_NS_ASSERTIONS = NO;
				ENABLE_STRICT_OBJC_MSGSEND = YES;
				GCC_C_LANGUAGE_STANDARD = gnu11;
				GCC_NO_COMMON_BLOCKS = YES;
				GCC_WARN_64_TO_32_BIT_CONVERSION = YES;
				GCC_WARN_ABOUT_RETURN_TYPE = YES_ERROR;
				GCC_WARN_UNDECLARED_SELECTOR = YES;
				GCC_WARN_UNINITIALIZED_AUTOS = YES_AGGRESSIVE;
				GCC_WARN_UNUSED_FUNCTION = YES;
				GCC_WARN_UNUSED_VARIABLE = YES;
				IPHONEOS_DEPLOYMENT_TARGET = 13.2;
				MTL_ENABLE_DEBUG_INFO = NO;
				MTL_FAST_MATH = YES;
				SDKROOT = iphoneos;
				SWIFT_COMPILATION_MODE = wholemodule;
				SWIFT_OPTIMIZATION_LEVEL = "-O";
				VALIDATE_PRODUCT = YES;
			};
			name = Release;
		};
		19B0CBE08CCDE1DEB691CD06E2456E23 /* Debug */ = {
			isa = XCBuildConfiguration;
			buildSettings = {
				ALWAYS_SEARCH_USER_PATHS = NO;
				CLANG_ANALYZER_NONNULL = YES;
				CLANG_ANALYZER_NUMBER_OBJECT_CONVERSION = YES_AGGRESSIVE;
				CLANG_CXX_LANGUAGE_STANDARD = "gnu++14";
				CLANG_CXX_LIBRARY = "libc++";
				CLANG_ENABLE_MODULES = YES;
				CLANG_ENABLE_OBJC_ARC = YES;
				CLANG_ENABLE_OBJC_WEAK = YES;
				CLANG_WARN_BLOCK_CAPTURE_AUTORELEASING = YES;
				CLANG_WARN_BOOL_CONVERSION = YES;
				CLANG_WARN_COMMA = YES;
				CLANG_WARN_CONSTANT_CONVERSION = YES;
				CLANG_WARN_DEPRECATED_OBJC_IMPLEMENTATIONS = YES;
				CLANG_WARN_DIRECT_OBJC_ISA_USAGE = YES_ERROR;
				CLANG_WARN_DOCUMENTATION_COMMENTS = YES;
				CLANG_WARN_EMPTY_BODY = YES;
				CLANG_WARN_ENUM_CONVERSION = YES;
				CLANG_WARN_INFINITE_RECURSION = YES;
				CLANG_WARN_INT_CONVERSION = YES;
				CLANG_WARN_NON_LITERAL_NULL_CONVERSION = YES;
				CLANG_WARN_OBJC_IMPLICIT_RETAIN_SELF = YES;
				CLANG_WARN_OBJC_LITERAL_CONVERSION = YES;
				CLANG_WARN_OBJC_ROOT_CLASS = YES_ERROR;
				CLANG_WARN_RANGE_LOOP_ANALYSIS = YES;
				CLANG_WARN_STRICT_PROTOTYPES = YES;
				CLANG_WARN_SUSPICIOUS_MOVE = YES;
				CLANG_WARN_UNGUARDED_AVAILABILITY = YES_AGGRESSIVE;
				CLANG_WARN_UNREACHABLE_CODE = YES;
				CLANG_WARN__DUPLICATE_METHOD_MATCH = YES;
				COPY_PHASE_STRIP = NO;
				DEBUG_INFORMATION_FORMAT = dwarf;
				ENABLE_STRICT_OBJC_MSGSEND = YES;
				ENABLE_TESTABILITY = YES;
				GCC_C_LANGUAGE_STANDARD = gnu11;
				GCC_DYNAMIC_NO_PIC = NO;
				GCC_NO_COMMON_BLOCKS = YES;
				GCC_OPTIMIZATION_LEVEL = 0;
				GCC_PREPROCESSOR_DEFINITIONS = (
					"DEBUG=1",
					"$(inherited)",
				);
				GCC_WARN_64_TO_32_BIT_CONVERSION = YES;
				GCC_WARN_ABOUT_RETURN_TYPE = YES_ERROR;
				GCC_WARN_UNDECLARED_SELECTOR = YES;
				GCC_WARN_UNINITIALIZED_AUTOS = YES_AGGRESSIVE;
				GCC_WARN_UNUSED_FUNCTION = YES;
				GCC_WARN_UNUSED_VARIABLE = YES;
				IPHONEOS_DEPLOYMENT_TARGET = 13.2;
				MTL_ENABLE_DEBUG_INFO = INCLUDE_SOURCE;
				MTL_FAST_MATH = YES;
				ONLY_ACTIVE_ARCH = YES;
				SDKROOT = iphoneos;
				SWIFT_ACTIVE_COMPILATION_CONDITIONS = DEBUG;
				SWIFT_OPTIMIZATION_LEVEL = "-Onone";
			};
			name = Debug;
		};
		5254AFA711E375367FB940BB1504075F /* Release */ = {
			isa = XCBuildConfiguration;
			baseConfigurationReference = C18DCE9D39626A293046F90C4671F2DF /* Pods-Absinthe.release.xcconfig */;
			buildSettings = {
				ASSETCATALOG_COMPILER_APPICON_NAME = AppIcon;
				CODE_SIGN_STYLE = Automatic;
				DEVELOPMENT_TEAM = 5ELQH5H3HB;
				INFOPLIST_FILE = Absinthe/Info.plist;
				LD_RUNPATH_SEARCH_PATHS = (
					"$(inherited)",
					"@executable_path/Frameworks",
				);
				PRODUCT_BUNDLE_IDENTIFIER = com.gonisoft.Absinthe;
				PRODUCT_NAME = "Safe Picture";
				SWIFT_VERSION = 5.0;
				TARGETED_DEVICE_FAMILY = "1,2";
			};
			name = Release;
		};
		A80451F847461C839E88ADFC656C30BF /* Debug */ = {
			isa = XCBuildConfiguration;
			baseConfigurationReference = F34DD3AE0C69AEB796317585DD2A519A /* Pods-Absinthe.debug.xcconfig */;
			buildSettings = {
				ASSETCATALOG_COMPILER_APPICON_NAME = AppIcon;
				CODE_SIGN_STYLE = Automatic;
				DEVELOPMENT_TEAM = 5ELQH5H3HB;
				INFOPLIST_FILE = Absinthe/Info.plist;
				LD_RUNPATH_SEARCH_PATHS = (
					"$(inherited)",
					"@executable_path/Frameworks",
				);
				PRODUCT_BUNDLE_IDENTIFIER = com.gonisoft.Absinthe;
				PRODUCT_NAME = "Safe Picture";
				SWIFT_VERSION = 5.0;
				TARGETED_DEVICE_FAMILY = "1,2";
			};
			name = Debug;
		};
/* End XCBuildConfiguration section */

/* Begin XCConfigurationList section */
		3B9D54732FE4A240D2A12606561B8061 /* Build configuration list for PBXProject "Absinthe" */ = {
			isa = XCConfigurationList;
			buildConfigurations = (
				19B0CBE08CCDE1DEB691CD06E2456E23 /* Debug */,
				1996A196282AF375EBA288E17D497DA6 /* Release */,
			);
			defaultConfigurationIsVisible = 0;
			defaultConfigurationName = Release;
		};
		51B847AAD34DDFC8272A2020EB13090C /* Build configuration list for PBXNativeTarget "Absinthe" */ = {
			isa = XCConfigurationList;
			buildConfigurations = (
				A80451F847461C839E88ADFC656C30BF /* Debug */,
				5254AFA711E375367FB940BB1504075F /* Release */,
			);
			defaultConfigurationIsVisible = 0;
			defaultConfigurationName = Release;
		};
/* End XCConfigurationList section */
	};
	rootObject = 2FC002717891B12DBE684CDA0DEEC89D /* Project object */;
}
